{
  "name": "xrayradar-node-basic-example",
  "lockfileVersion": 3,
  "requires": true,
  "packages": {
    "": {
      "name": "xrayradar-node-basic-example",
      "dependencies": {
        "@xrayradar/node": "file:../../packages/node"
      }
    },
    "../../packages/node": {
      "name": "@xrayradar/node",
      "version": "0.1.0",
      "dependencies": {
        "@xrayradar/core": "*"
      },
      "devDependencies": {
        "@types/node": "^20.10.0",
        "tsup": "^8.0.0",
        "typescript": "^5.3.3",
        "vitest": "^4.0.0"
      },
      "engines": {
        "node": ">=20"
      }
    },
    "node_modules/@xrayradar/node": {
      "resolved": "../../packages/node",
      "link": true
    }
  }
}
